# This file is autogenerated, do not edit; changes may be undone by the next 'dep ensure'.


[[projects]]
  branch = "master"
  name = "github.com/yasaichi-sandbox/thesaurus"
  packages = ["."]
  revision = "04f94cfdd2b19862e684bc4a67b19310f7191229"

[solve-meta]
  analyzer-name = "dep"
  analyzer-version = 1
  inputs-digest = "f7b94bdd13f28fff3b9a7c663298dbb3dd73147f4bb4e2be82b0340eb45af7ad"
  solver-name = "gps-cdcl"
  solver-version = 1
